
Microsoft Visual Studio Solution File, Format Version 12.00
# Visual Studio Version 16
VisualStudioVersion = 16.0.31205.134
MinimumVisualStudioVersion = 10.0.40219.1
Project("{FAE04EC0-301F-11D3-BF4B-00C04F79EFBC}") = "CSharp6Features.Tests", "CSharp6Features.Tests\CSharp6Features.Tests.csproj", "{C18840A7-A789-45A3-9E6B-E298CB5547B9}"
EndProject
Global
	GlobalSection(SolutionConfigurationPlatforms) = preSolution
		Debug|Any CPU = Debug|Any CPU
		Release|Any CPU = Release|Any CPU
	EndGlobalSection
	GlobalSection(ProjectConfigurationPlatforms) = postSolution
		{C18840A7-A789-45A3-9E6B-E298CB5547B9}.Debug|Any CPU.ActiveCfg = Debug|Any CPU
		{C18840A7-A789-45A3-9E6B-E298CB5547B9}.Debug|Any CPU.Build.0 = Debug|Any CPU
		{C18840A7-A789-45A3-9E6B-E298CB5547B9}.Release|Any CPU.ActiveCfg = Release|Any CPU
		{C18840A7-A789-45A3-9E6B-E298CB5547B9}.Release|Any CPU.Build.0 = Release|Any CPU
	EndGlobalSection
	GlobalSection(SolutionProperties) = preSolution
		HideSolutionNode = FALSE
	EndGlobalSection
	GlobalSection(ExtensibilityGlobals) = postSolution
		SolutionGuid = {66FF0783-3115-4332-BC97-A25D5688E1E5}
	EndGlobalSection
EndGlobal
