
Microsoft Visual Studio Solution File, Format Version 12.00
# Visual Studio Version 16
VisualStudioVersion = 16.0.31205.134
MinimumVisualStudioVersion = 10.0.40219.1
Project("{9A19103F-16F7-4668-BE54-9A1E7A4F7556}") = "CSharp6Features.Tests", "CSharp6Features.Tests\CSharp6Features.Tests.csproj", "{C18840A7-A789-45A3-9E6B-E298CB5547B9}"
EndProject
Project("{2150E333-8FDC-42A3-9474-1A3956D46DE8}") = "Solution Items", "Solution Items", "{CBB3A081-58FB-470B-9437-CF7B8FBEA5BC}"
	ProjectSection(SolutionItems) = preProject
		.editorconfig = .editorconfig
	EndProjectSection
EndProject
Project("{9A19103F-16F7-4668-BE54-9A1E7A4F7556}") = "CSharp70Features.Tests", "CSharp70Features.Tests\CSharp70Features.Tests.csproj", "{B1160D8C-82E2-42C3-9415-2CA219FE08D7}"
EndProject
Global
	GlobalSection(SolutionConfigurationPlatforms) = preSolution
		Debug|Any CPU = Debug|Any CPU
		Release|Any CPU = Release|Any CPU
	EndGlobalSection
	GlobalSection(ProjectConfigurationPlatforms) = postSolution
		{C18840A7-A789-45A3-9E6B-E298CB5547B9}.Debug|Any CPU.ActiveCfg = Debug|Any CPU
		{C18840A7-A789-45A3-9E6B-E298CB5547B9}.Debug|Any CPU.Build.0 = Debug|Any CPU
		{C18840A7-A789-45A3-9E6B-E298CB5547B9}.Release|Any CPU.ActiveCfg = Release|Any CPU
		{C18840A7-A789-45A3-9E6B-E298CB5547B9}.Release|Any CPU.Build.0 = Release|Any CPU
		{B1160D8C-82E2-42C3-9415-2CA219FE08D7}.Debug|Any CPU.ActiveCfg = Debug|Any CPU
		{B1160D8C-82E2-42C3-9415-2CA219FE08D7}.Debug|Any CPU.Build.0 = Debug|Any CPU
		{B1160D8C-82E2-42C3-9415-2CA219FE08D7}.Release|Any CPU.ActiveCfg = Release|Any CPU
		{B1160D8C-82E2-42C3-9415-2CA219FE08D7}.Release|Any CPU.Build.0 = Release|Any CPU
	EndGlobalSection
	GlobalSection(SolutionProperties) = preSolution
		HideSolutionNode = FALSE
	EndGlobalSection
	GlobalSection(ExtensibilityGlobals) = postSolution
		SolutionGuid = {66FF0783-3115-4332-BC97-A25D5688E1E5}
	EndGlobalSection
EndGlobal
